// !$*UTF8*$!
{
	archiveVersion = 1;
	classes = {
	};
	objectVersion = 48;
	objects = {

/* Begin PBXBuildFile section */
		F40E33451FED4FC500AD4DD6 /* AppDelegate.m in Sources */ = {isa = PBXBuildFile; fileRef = F40E33441FED4FC500AD4DD6 /* AppDelegate.m */; };
		F40E33481FED4FC500AD4DD6 /* ViewController.m in Sources */ = {isa = PBXBuildFile; fileRef = F40E33471FED4FC500AD4DD6 /* ViewController.m */; };
		F40E334B1FED4FC500AD4DD6 /* Main.storyboard in Resources */ = {isa = PBXBuildFile; fileRef = F40E33491FED4FC500AD4DD6 /* Main.storyboard */; };
		F40E334E1FED4FC500AD4DD6 /* deomo.xcdatamodeld in Sources */ = {isa = PBXBuildFile; fileRef = F40E334C1FED4FC500AD4DD6 /* deomo.xcdatamodeld */; };
		F40E33501FED4FC500AD4DD6 /* Assets.xcassets in Resources */ = {isa = PBXBuildFile; fileRef = F40E334F1FED4FC500AD4DD6 /* Assets.xcassets */; };
		F40E33531FED4FC500AD4DD6 /* LaunchScreen.storyboard in Resources */ = {isa = PBXBuildFile; fileRef = F40E33511FED4FC500AD4DD6 /* LaunchScreen.storyboard */; };
		F40E33561FED4FC500AD4DD6 /* main.m in Sources */ = {isa = PBXBuildFile; fileRef = F40E33551FED4FC500AD4DD6 /* main.m */; };
		F40E33601FED4FC500AD4DD6 /* deomoTests.m in Sources */ = {isa = PBXBuildFile; fileRef = F40E335F1FED4FC500AD4DD6 /* deomoTests.m */; };
		F40E336B1FED4FC500AD4DD6 /* deomoUITests.m in Sources */ = {isa = PBXBuildFile; fileRef = F40E336A1FED4FC500AD4DD6 /* deomoUITests.m */; };
		F40E338A1FF0924D00AD4DD6 /* PlayBgView.m in Sources */ = {isa = PBXBuildFile; fileRef = F40E33891FF0924D00AD4DD6 /* PlayBgView.m */; };
		F40E338E1FF099F600AD4DD6 /* PlayModel.m in Sources */ = {isa = PBXBuildFile; fileRef = F40E338D1FF099F600AD4DD6 /* PlayModel.m */; };
		F43151811FF6071D00D43B58 /* ZDSlider.m in Sources */ = {isa = PBXBuildFile; fileRef = F43151801FF6071D00D43B58 /* ZDSlider.m */; };
		F43151871FFBB4E100D43B58 /* ZDTimerModel.m in Sources */ = {isa = PBXBuildFile; fileRef = F43151861FFBB4E100D43B58 /* ZDTimerModel.m */; };
		F431518A1FFBC36900D43B58 /* ZDDownViewController.m in Sources */ = {isa = PBXBuildFile; fileRef = F43151891FFBC36900D43B58 /* ZDDownViewController.m */; };
		F43FD6911FF298F400CEE4E2 /* ToolProgressView.m in Sources */ = {isa = PBXBuildFile; fileRef = F43FD6901FF298F400CEE4E2 /* ToolProgressView.m */; };
		F43FD69F1FF3E6E900CEE4E2 /* video-pause@3x.png in Resources */ = {isa = PBXBuildFile; fileRef = F43FD69B1FF3E6E900CEE4E2 /* video-pause@3x.png */; };
		F43FD6A01FF3E6E900CEE4E2 /* video-play@2x.png in Resources */ = {isa = PBXBuildFile; fileRef = F43FD69C1FF3E6E900CEE4E2 /* video-play@2x.png */; };
		F43FD6A11FF3E6E900CEE4E2 /* video-pause@2x.png in Resources */ = {isa = PBXBuildFile; fileRef = F43FD69D1FF3E6E900CEE4E2 /* video-pause@2x.png */; };
		F43FD6A21FF3E6E900CEE4E2 /* video-play@3x.png in Resources */ = {isa = PBXBuildFile; fileRef = F43FD69E1FF3E6E900CEE4E2 /* video-play@3x.png */; };
/* End PBXBuildFile section */

/* Begin PBXContainerItemProxy section */
		F40E335C1FED4FC500AD4DD6 /* PBXContainerItemProxy */ = {
			isa = PBXContainerItemProxy;
			containerPortal = F40E33381FED4FC500AD4DD6 /* Project object */;
			proxyType = 1;
			remoteGlobalIDString = F40E333F1FED4FC500AD4DD6;
			remoteInfo = deomo;
		};
		F40E33671FED4FC500AD4DD6 /* PBXContainerItemProxy */ = {
			isa = PBXContainerItemProxy;
			containerPortal = F40E33381FED4FC500AD4DD6 /* Project object */;
			proxyType = 1;
			remoteGlobalIDString = F40E333F1FED4FC500AD4DD6;
			remoteInfo = deomo;
		};
/* End PBXContainerItemProxy section */

/* Begin PBXFileReference section */
		F40E33401FED4FC500AD4DD6 /* deomo.app */ = {isa = PBXFileReference; explicitFileType = wrapper.application; includeInIndex = 0; path = deomo.app; sourceTree = BUILT_PRODUCTS_DIR; };
		F40E33431FED4FC500AD4DD6 /* AppDelegate.h */ = {isa = PBXFileReference; lastKnownFileType = sourcecode.c.h; path = AppDelegate.h; sourceTree = "<group>"; };
		F40E33441FED4FC500AD4DD6 /* AppDelegate.m */ = {isa = PBXFileReference; lastKnownFileType = sourcecode.c.objc; path = AppDelegate.m; sourceTree = "<group>"; };
		F40E33461FED4FC500AD4DD6 /* ViewController.h */ = {isa = PBXFileReference; lastKnownFileType = sourcecode.c.h; path = ViewController.h; sourceTree = "<group>"; };
		F40E33471FED4FC500AD4DD6 /* ViewController.m */ = {isa = PBXFileReference; lastKnownFileType = sourcecode.c.objc; path = ViewController.m; sourceTree = "<group>"; };
		F40E334A1FED4FC500AD4DD6 /* Base */ = {isa = PBXFileReference; lastKnownFileType = file.storyboard; name = Base; path = Base.lproj/Main.storyboard; sourceTree = "<group>"; };
		F40E334D1FED4FC500AD4DD6 /* deomo.xcdatamodel */ = {isa = PBXFileReference; lastKnownFileType = wrapper.xcdatamodel; path = deomo.xcdatamodel; sourceTree = "<group>"; };
		F40E334F1FED4FC500AD4DD6 /* Assets.xcassets */ = {isa = PBXFileReference; lastKnownFileType = folder.assetcatalog; path = Assets.xcassets; sourceTree = "<group>"; };
		F40E33521FED4FC500AD4DD6 /* Base */ = {isa = PBXFileReference; lastKnownFileType = file.storyboard; name = Base; path = Base.lproj/LaunchScreen.storyboard; sourceTree = "<group>"; };
		F40E33541FED4FC500AD4DD6 /* Info.plist */ = {isa = PBXFileReference; lastKnownFileType = text.plist.xml; path = Info.plist; sourceTree = "<group>"; };
		F40E33551FED4FC500AD4DD6 /* main.m */ = {isa = PBXFileReference; lastKnownFileType = sourcecode.c.objc; path = main.m; sourceTree = "<group>"; };
		F40E335B1FED4FC500AD4DD6 /* deomoTests.xctest */ = {isa = PBXFileReference; explicitFileType = wrapper.cfbundle; includeInIndex = 0; path = deomoTests.xctest; sourceTree = BUILT_PRODUCTS_DIR; };
		F40E335F1FED4FC500AD4DD6 /* deomoTests.m */ = {isa = PBXFileReference; lastKnownFileType = sourcecode.c.objc; path = deomoTests.m; sourceTree = "<group>"; };
		F40E33611FED4FC500AD4DD6 /* Info.plist */ = {isa = PBXFileReference; lastKnownFileType = text.plist.xml; path = Info.plist; sourceTree = "<group>"; };
		F40E33661FED4FC500AD4DD6 /* deomoUITests.xctest */ = {isa = PBXFileReference; explicitFileType = wrapper.cfbundle; includeInIndex = 0; path = deomoUITests.xctest; sourceTree = BUILT_PRODUCTS_DIR; };
		F40E336A1FED4FC500AD4DD6 /* deomoUITests.m */ = {isa = PBXFileReference; lastKnownFileType = sourcecode.c.objc; path = deomoUITests.m; sourceTree = "<group>"; };
		F40E336C1FED4FC500AD4DD6 /* Info.plist */ = {isa = PBXFileReference; lastKnownFileType = text.plist.xml; path = Info.plist; sourceTree = "<group>"; };
		F40E33881FF0924D00AD4DD6 /* PlayBgView.h */ = {isa = PBXFileReference; lastKnownFileType = sourcecode.c.h; path = PlayBgView.h; sourceTree = "<group>"; };
		F40E33891FF0924D00AD4DD6 /* PlayBgView.m */ = {isa = PBXFileReference; lastKnownFileType = sourcecode.c.objc; path = PlayBgView.m; sourceTree = "<group>"; };
		F40E338C1FF099F600AD4DD6 /* PlayModel.h */ = {isa = PBXFileReference; lastKnownFileType = sourcecode.c.h; path = PlayModel.h; sourceTree = "<group>"; };
		F40E338D1FF099F600AD4DD6 /* PlayModel.m */ = {isa = PBXFileReference; lastKnownFileType = sourcecode.c.objc; path = PlayModel.m; sourceTree = "<group>"; };
		F431517F1FF6071D00D43B58 /* ZDSlider.h */ = {isa = PBXFileReference; lastKnownFileType = sourcecode.c.h; path = ZDSlider.h; sourceTree = "<group>"; };
		F43151801FF6071D00D43B58 /* ZDSlider.m */ = {isa = PBXFileReference; lastKnownFileType = sourcecode.c.objc; path = ZDSlider.m; sourceTree = "<group>"; };
		F43151851FFBB4E100D43B58 /* ZDTimerModel.h */ = {isa = PBXFileReference; lastKnownFileType = sourcecode.c.h; path = ZDTimerModel.h; sourceTree = "<group>"; };
		F43151861FFBB4E100D43B58 /* ZDTimerModel.m */ = {isa = PBXFileReference; lastKnownFileType = sourcecode.c.objc; path = ZDTimerModel.m; sourceTree = "<group>"; };
		F43151881FFBC36900D43B58 /* ZDDownViewController.h */ = {isa = PBXFileReference; lastKnownFileType = sourcecode.c.h; path = ZDDownViewController.h; sourceTree = "<group>"; };
		F43151891FFBC36900D43B58 /* ZDDownViewController.m */ = {isa = PBXFileReference; lastKnownFileType = sourcecode.c.objc; path = ZDDownViewController.m; sourceTree = "<group>"; };
		F43FD68F1FF298F400CEE4E2 /* ToolProgressView.h */ = {isa = PBXFileReference; lastKnownFileType = sourcecode.c.h; path = ToolProgressView.h; sourceTree = "<group>"; };
		F43FD6901FF298F400CEE4E2 /* ToolProgressView.m */ = {isa = PBXFileReference; lastKnownFileType = sourcecode.c.objc; path = ToolProgressView.m; sourceTree = "<group>"; };
		F43FD69B1FF3E6E900CEE4E2 /* video-pause@3x.png */ = {isa = PBXFileReference; lastKnownFileType = image.png; path = "video-pause@3x.png"; sourceTree = "<group>"; };
		F43FD69C1FF3E6E900CEE4E2 /* video-play@2x.png */ = {isa = PBXFileReference; lastKnownFileType = image.png; path = "video-play@2x.png"; sourceTree = "<group>"; };
		F43FD69D1FF3E6E900CEE4E2 /* video-pause@2x.png */ = {isa = PBXFileReference; lastKnownFileType = image.png; path = "video-pause@2x.png"; sourceTree = "<group>"; };
		F43FD69E1FF3E6E900CEE4E2 /* video-play@3x.png */ = {isa = PBXFileReference; lastKnownFileType = image.png; path = "video-play@3x.png"; sourceTree = "<group>"; };
/* End PBXFileReference section */

/* Begin PBXFrameworksBuildPhase section */
		F40E333D1FED4FC500AD4DD6 /* Frameworks */ = {
			isa = PBXFrameworksBuildPhase;
			buildActionMask = 2147483647;
			files = (
			);
			runOnlyForDeploymentPostprocessing = 0;
		};
		F40E33581FED4FC500AD4DD6 /* Frameworks */ = {
			isa = PBXFrameworksBuildPhase;
			buildActionMask = 2147483647;
			files = (
			);
			runOnlyForDeploymentPostprocessing = 0;
		};
		F40E33631FED4FC500AD4DD6 /* Frameworks */ = {
			isa = PBXFrameworksBuildPhase;
			buildActionMask = 2147483647;
			files = (
			);
			runOnlyForDeploymentPostprocessing = 0;
		};
/* End PBXFrameworksBuildPhase section */

/* Begin PBXGroup section */
		F40E33371FED4FC500AD4DD6 = {
			isa = PBXGroup;
			children = (
				F40E33421FED4FC500AD4DD6 /* deomo */,
				F40E335E1FED4FC500AD4DD6 /* deomoTests */,
				F40E33691FED4FC500AD4DD6 /* deomoUITests */,
				F40E33411FED4FC500AD4DD6 /* Products */,
			);
			sourceTree = "<group>";
		};
		F40E33411FED4FC500AD4DD6 /* Products */ = {
			isa = PBXGroup;
			children = (
				F40E33401FED4FC500AD4DD6 /* deomo.app */,
				F40E335B1FED4FC500AD4DD6 /* deomoTests.xctest */,
				F40E33661FED4FC500AD4DD6 /* deomoUITests.xctest */,
			);
			name = Products;
			sourceTree = "<group>";
		};
		F40E33421FED4FC500AD4DD6 /* deomo */ = {
			isa = PBXGroup;
			children = (
				F43151841FFBB4AC00D43B58 /* Tool */,
				F43FD6921FF3E64100CEE4E2 /* rescoures */,
				F40E338B1FF099DD00AD4DD6 /* Model */,
				F40E33861FF091E600AD4DD6 /* View */,
				F40E33871FF091FA00AD4DD6 /* controller */,
				F40E33491FED4FC500AD4DD6 /* Main.storyboard */,
				F40E334F1FED4FC500AD4DD6 /* Assets.xcassets */,
				F40E33511FED4FC500AD4DD6 /* LaunchScreen.storyboard */,
				F40E33541FED4FC500AD4DD6 /* Info.plist */,
				F40E33551FED4FC500AD4DD6 /* main.m */,
				F40E334C1FED4FC500AD4DD6 /* deomo.xcdatamodeld */,
			);
			path = deomo;
			sourceTree = "<group>";
		};
		F40E335E1FED4FC500AD4DD6 /* deomoTests */ = {
			isa = PBXGroup;
			children = (
				F40E335F1FED4FC500AD4DD6 /* deomoTests.m */,
				F40E33611FED4FC500AD4DD6 /* Info.plist */,
			);
			path = deomoTests;
			sourceTree = "<group>";
		};
		F40E33691FED4FC500AD4DD6 /* deomoUITests */ = {
			isa = PBXGroup;
			children = (
				F40E336A1FED4FC500AD4DD6 /* deomoUITests.m */,
				F40E336C1FED4FC500AD4DD6 /* Info.plist */,
			);
			path = deomoUITests;
			sourceTree = "<group>";
		};
		F40E33861FF091E600AD4DD6 /* View */ = {
			isa = PBXGroup;
			children = (
				F40E33881FF0924D00AD4DD6 /* PlayBgView.h */,
				F40E33891FF0924D00AD4DD6 /* PlayBgView.m */,
				F43FD68F1FF298F400CEE4E2 /* ToolProgressView.h */,
				F43FD6901FF298F400CEE4E2 /* ToolProgressView.m */,
				F431517F1FF6071D00D43B58 /* ZDSlider.h */,
				F43151801FF6071D00D43B58 /* ZDSlider.m */,
			);
			path = View;
			sourceTree = "<group>";
		};
		F40E33871FF091FA00AD4DD6 /* controller */ = {
			isa = PBXGroup;
			children = (
				F40E33431FED4FC500AD4DD6 /* AppDelegate.h */,
				F40E33441FED4FC500AD4DD6 /* AppDelegate.m */,
				F40E33461FED4FC500AD4DD6 /* ViewController.h */,
				F40E33471FED4FC500AD4DD6 /* ViewController.m */,
				F43151881FFBC36900D43B58 /* ZDDownViewController.h */,
				F43151891FFBC36900D43B58 /* ZDDownViewController.m */,
			);
			path = controller;
			sourceTree = "<group>";
		};
		F40E338B1FF099DD00AD4DD6 /* Model */ = {
			isa = PBXGroup;
			children = (
				F40E338C1FF099F600AD4DD6 /* PlayModel.h */,
				F40E338D1FF099F600AD4DD6 /* PlayModel.m */,
			);
			path = Model;
			sourceTree = "<group>";
		};
		F43151841FFBB4AC00D43B58 /* Tool */ = {
			isa = PBXGroup;
			children = (
				F43151851FFBB4E100D43B58 /* ZDTimerModel.h */,
				F43151861FFBB4E100D43B58 /* ZDTimerModel.m */,
			);
			path = Tool;
			sourceTree = "<group>";
		};
		F43FD6921FF3E64100CEE4E2 /* rescoures */ = {
			isa = PBXGroup;
			children = (
				F43FD69D1FF3E6E900CEE4E2 /* video-pause@2x.png */,
				F43FD69B1FF3E6E900CEE4E2 /* video-pause@3x.png */,
				F43FD69C1FF3E6E900CEE4E2 /* video-play@2x.png */,
				F43FD69E1FF3E6E900CEE4E2 /* video-play@3x.png */,
			);
			path = rescoures;
			sourceTree = "<group>";
		};
/* End PBXGroup section */

/* Begin PBXNativeTarget section */
		F40E333F1FED4FC500AD4DD6 /* deomo */ = {
			isa = PBXNativeTarget;
			buildConfigurationList = F40E336F1FED4FC500AD4DD6 /* Build configuration list for PBXNativeTarget "deomo" */;
			buildPhases = (
				F40E333C1FED4FC500AD4DD6 /* Sources */,
				F40E333D1FED4FC500AD4DD6 /* Frameworks */,
				F40E333E1FED4FC500AD4DD6 /* Resources */,
			);
			buildRules = (
			);
			dependencies = (
			);
			name = deomo;
			productName = deomo;
			productReference = F40E33401FED4FC500AD4DD6 /* deomo.app */;
			productType = "com.apple.product-type.application";
		};
		F40E335A1FED4FC500AD4DD6 /* deomoTests */ = {
			isa = PBXNativeTarget;
			buildConfigurationList = F40E33721FED4FC500AD4DD6 /* Build configuration list for PBXNativeTarget "deomoTests" */;
			buildPhases = (
				F40E33571FED4FC500AD4DD6 /* Sources */,
				F40E33581FED4FC500AD4DD6 /* Frameworks */,
				F40E33591FED4FC500AD4DD6 /* Resources */,
			);
			buildRules = (
			);
			dependencies = (
				F40E335D1FED4FC500AD4DD6 /* PBXTargetDependency */,
			);
			name = deomoTests;
			productName = deomoTests;
			productReference = F40E335B1FED4FC500AD4DD6 /* deomoTests.xctest */;
			productType = "com.apple.product-type.bundle.unit-test";
		};
		F40E33651FED4FC500AD4DD6 /* deomoUITests */ = {
			isa = PBXNativeTarget;
			buildConfigurationList = F40E33751FED4FC500AD4DD6 /* Build configuration list for PBXNativeTarget "deomoUITests" */;
			buildPhases = (
				F40E33621FED4FC500AD4DD6 /* Sources */,
				F40E33631FED4FC500AD4DD6 /* Frameworks */,
				F40E33641FED4FC500AD4DD6 /* Resources */,
			);
			buildRules = (
			);
			dependencies = (
				F40E33681FED4FC500AD4DD6 /* PBXTargetDependency */,
			);
			name = deomoUITests;
			productName = deomoUITests;
			productReference = F40E33661FED4FC500AD4DD6 /* deomoUITests.xctest */;
			productType = "com.apple.product-type.bundle.ui-testing";
		};
/* End PBXNativeTarget section */

/* Begin PBXProject section */
		F40E33381FED4FC500AD4DD6 /* Project object */ = {
			isa = PBXProject;
			attributes = {
				LastUpgradeCheck = 0900;
				ORGANIZATIONNAME = "张冬";
				TargetAttributes = {
					F40E333F1FED4FC500AD4DD6 = {
						CreatedOnToolsVersion = 9.0.1;
						ProvisioningStyle = Automatic;
					};
					F40E335A1FED4FC500AD4DD6 = {
						CreatedOnToolsVersion = 9.0.1;
						ProvisioningStyle = Automatic;
						TestTargetID = F40E333F1FED4FC500AD4DD6;
					};
					F40E33651FED4FC500AD4DD6 = {
						CreatedOnToolsVersion = 9.0.1;
						ProvisioningStyle = Automatic;
						TestTargetID = F40E333F1FED4FC500AD4DD6;
					};
				};
			};
			buildConfigurationList = F40E333B1FED4FC500AD4DD6 /* Build configuration list for PBXProject "deomo" */;
			compatibilityVersion = "Xcode 8.0";
			developmentRegion = en;
			hasScannedForEncodings = 0;
			knownRegions = (
				en,
				Base,
			);
			mainGroup = F40E33371FED4FC500AD4DD6;
			productRefGroup = F40E33411FED4FC500AD4DD6 /* Products */;
			projectDirPath = "";
			projectRoot = "";
			targets = (
				F40E333F1FED4FC500AD4DD6 /* deomo */,
				F40E335A1FED4FC500AD4DD6 /* deomoTests */,
				F40E33651FED4FC500AD4DD6 /* deomoUITests */,
			);
		};
/* End PBXProject section */

/* Begin PBXResourcesBuildPhase section */
		F40E333E1FED4FC500AD4DD6 /* Resources */ = {
			isa = PBXResourcesBuildPhase;
			buildActionMask = 2147483647;
			files = (
				F43FD6A11FF3E6E900CEE4E2 /* video-pause@2x.png in Resources */,
				F40E33531FED4FC500AD4DD6 /* LaunchScreen.storyboard in Resources */,
				F40E33501FED4FC500AD4DD6 /* Assets.xcassets in Resources */,
				F40E334B1FED4FC500AD4DD6 /* Main.storyboard in Resources */,
				F43FD6A21FF3E6E900CEE4E2 /* video-play@3x.png in Resources */,
				F43FD69F1FF3E6E900CEE4E2 /* video-pause@3x.png in Resources */,
				F43FD6A01FF3E6E900CEE4E2 /* video-play@2x.png in Resources */,
			);
			runOnlyForDeploymentPostprocessing = 0;
		};
		F40E33591FED4FC500AD4DD6 /* Resources */ = {
			isa = PBXResourcesBuildPhase;
			buildActionMask = 2147483647;
			files = (
			);
			runOnlyForDeploymentPostprocessing = 0;
		};
		F40E33641FED4FC500AD4DD6 /* Resources */ = {
			isa = PBXResourcesBuildPhase;
			buildActionMask = 2147483647;
			files = (
			);
			runOnlyForDeploymentPostprocessing = 0;
		};
/* End PBXResourcesBuildPhase section */

/* Begin PBXSourcesBuildPhase section */
		F40E333C1FED4FC500AD4DD6 /* Sources */ = {
			isa = PBXSourcesBuildPhase;
			buildActionMask = 2147483647;
			files = (
				F40E334E1FED4FC500AD4DD6 /* deomo.xcdatamodeld in Sources */,
				F40E33481FED4FC500AD4DD6 /* ViewController.m in Sources */,
				F43FD6911FF298F400CEE4E2 /* ToolProgressView.m in Sources */,
				F43151871FFBB4E100D43B58 /* ZDTimerModel.m in Sources */,
				F40E33561FED4FC500AD4DD6 /* main.m in Sources */,
				F40E338A1FF0924D00AD4DD6 /* PlayBgView.m in Sources */,
				F431518A1FFBC36900D43B58 /* ZDDownViewController.m in Sources */,
				F40E33451FED4FC500AD4DD6 /* AppDelegate.m in Sources */,
				F43151811FF6071D00D43B58 /* ZDSlider.m in Sources */,
				F40E338E1FF099F600AD4DD6 /* PlayModel.m in Sources */,
			);
			runOnlyForDeploymentPostprocessing = 0;
		};
		F40E33571FED4FC500AD4DD6 /* Sources */ = {
			isa = PBXSourcesBuildPhase;
			buildActionMask = 2147483647;
			files = (
				F40E33601FED4FC500AD4DD6 /* deomoTests.m in Sources */,
			);
			runOnlyForDeploymentPostprocessing = 0;
		};
		F40E33621FED4FC500AD4DD6 /* Sources */ = {
			isa = PBXSourcesBuildPhase;
			buildActionMask = 2147483647;
			files = (
				F40E336B1FED4FC500AD4DD6 /* deomoUITests.m in Sources */,
			);
			runOnlyForDeploymentPostprocessing = 0;
		};
/* End PBXSourcesBuildPhase section */

/* Begin PBXTargetDependency section */
		F40E335D1FED4FC500AD4DD6 /* PBXTargetDependency */ = {
			isa = PBXTargetDependency;
			target = F40E333F1FED4FC500AD4DD6 /* deomo */;
			targetProxy = F40E335C1FED4FC500AD4DD6 /* PBXContainerItemProxy */;
		};
		F40E33681FED4FC500AD4DD6 /* PBXTargetDependency */ = {
			isa = PBXTargetDependency;
			target = F40E333F1FED4FC500AD4DD6 /* deomo */;
			targetProxy = F40E33671FED4FC500AD4DD6 /* PBXContainerItemProxy */;
		};
/* End PBXTargetDependency section */

/* Begin PBXVariantGroup section */
		F40E33491FED4FC500AD4DD6 /* Main.storyboard */ = {
			isa = PBXVariantGroup;
			children = (
				F40E334A1FED4FC500AD4DD6 /* Base */,
			);
			name = Main.storyboard;
			sourceTree = "<group>";
		};
		F40E33511FED4FC500AD4DD6 /* LaunchScreen.storyboard */ = {
			isa = PBXVariantGroup;
			children = (
				F40E33521FED4FC500AD4DD6 /* Base */,
			);
			name = LaunchScreen.storyboard;
			sourceTree = "<group>";
		};
/* End PBXVariantGroup section */

/* Begin XCBuildConfiguration section */
		F40E336D1FED4FC500AD4DD6 /* Debug */ = {
			isa = XCBuildConfiguration;
			buildSettings = {
				ALWAYS_SEARCH_USER_PATHS = NO;
				CLANG_ANALYZER_NONNULL = YES;
				CLANG_ANALYZER_NUMBER_OBJECT_CONVERSION = YES_AGGRESSIVE;
				CLANG_CXX_LANGUAGE_STANDARD = "gnu++14";
				CLANG_CXX_LIBRARY = "libc++";
				CLANG_ENABLE_MODULES = YES;
				CLANG_ENABLE_OBJC_ARC = YES;
				CLANG_WARN_BLOCK_CAPTURE_AUTORELEASING = YES;
				CLANG_WARN_BOOL_CONVERSION = YES;
				CLANG_WARN_COMMA = YES;
				CLANG_WARN_CONSTANT_CONVERSION = YES;
				CLANG_WARN_DIRECT_OBJC_ISA_USAGE = YES_ERROR;
				CLANG_WARN_DOCUMENTATION_COMMENTS = YES;
				CLANG_WARN_EMPTY_BODY = YES;
				CLANG_WARN_ENUM_CONVERSION = YES;
				CLANG_WARN_INFINITE_RECURSION = YES;
				CLANG_WARN_INT_CONVERSION = YES;
				CLANG_WARN_NON_LITERAL_NULL_CONVERSION = YES;
				CLANG_WARN_OBJC_LITERAL_CONVERSION = YES;
				CLANG_WARN_OBJC_ROOT_CLASS = YES_ERROR;
				CLANG_WARN_RANGE_LOOP_ANALYSIS = YES;
				CLANG_WARN_STRICT_PROTOTYPES = YES;
				CLANG_WARN_SUSPICIOUS_MOVE = YES;
				CLANG_WARN_UNGUARDED_AVAILABILITY = YES_AGGRESSIVE;
				CLANG_WARN_UNREACHABLE_CODE = YES;
				CLANG_WARN__DUPLICATE_METHOD_MATCH = YES;
				CODE_SIGN_IDENTITY = "iPhone Developer";
				COPY_PHASE_STRIP = NO;
				DEBUG_INFORMATION_FORMAT = dwarf;
				ENABLE_STRICT_OBJC_MSGSEND = YES;
				ENABLE_TESTABILITY = YES;
				GCC_C_LANGUAGE_STANDARD = gnu11;
				GCC_DYNAMIC_NO_PIC = NO;
				GCC_NO_COMMON_BLOCKS = YES;
				GCC_OPTIMIZATION_LEVEL = 0;
				GCC_PREPROCESSOR_DEFINITIONS = (
					"DEBUG=1",
					"$(inherited)",
				);
				GCC_WARN_64_TO_32_BIT_CONVERSION = YES;
				GCC_WARN_ABOUT_RETURN_TYPE = YES_ERROR;
				GCC_WARN_UNDECLARED_SELECTOR = YES;
				GCC_WARN_UNINITIALIZED_AUTOS = YES_AGGRESSIVE;
				GCC_WARN_UNUSED_FUNCTION = YES;
				GCC_WARN_UNUSED_VARIABLE = YES;
				IPHONEOS_DEPLOYMENT_TARGET = 11.0;
				MTL_ENABLE_DEBUG_INFO = YES;
				ONLY_ACTIVE_ARCH = YES;
				SDKROOT = iphoneos;
			};
			name = Debug;
		};
		F40E336E1FED4FC500AD4DD6 /* Release */ = {
			isa = XCBuildConfiguration;
			buildSettings = {
				ALWAYS_SEARCH_USER_PATHS = NO;
				CLANG_ANALYZER_NONNULL = YES;
				CLANG_ANALYZER_NUMBER_OBJECT_CONVERSION = YES_AGGRESSIVE;
				CLANG_CXX_LANGUAGE_STANDARD = "gnu++14";
				CLANG_CXX_LIBRARY = "libc++";
				CLANG_ENABLE_MODULES = YES;
				CLANG_ENABLE_OBJC_ARC = YES;
				CLANG_WARN_BLOCK_CAPTURE_AUTORELEASING = YES;
				CLANG_WARN_BOOL_CONVERSION = YES;
				CLANG_WARN_COMMA = YES;
				CLANG_WARN_CONSTANT_CONVERSION = YES;
				CLANG_WARN_DIRECT_OBJC_ISA_USAGE = YES_ERROR;
				CLANG_WARN_DOCUMENTATION_COMMENTS = YES;
				CLANG_WARN_EMPTY_BODY = YES;
				CLANG_WARN_ENUM_CONVERSION = YES;
				CLANG_WARN_INFINITE_RECURSION = YES;
				CLANG_WARN_INT_CONVERSION = YES;
				CLANG_WARN_NON_LITERAL_NULL_CONVERSION = YES;
				CLANG_WARN_OBJC_LITERAL_CONVERSION = YES;
				CLANG_WARN_OBJC_ROOT_CLASS = YES_ERROR;
				CLANG_WARN_RANGE_LOOP_ANALYSIS = YES;
				CLANG_WARN_STRICT_PROTOTYPES = YES;
				CLANG_WARN_SUSPICIOUS_MOVE = YES;
				CLANG_WARN_UNGUARDED_AVAILABILITY = YES_AGGRESSIVE;
				CLANG_WARN_UNREACHABLE_CODE = YES;
				CLANG_WARN__DUPLICATE_METHOD_MATCH = YES;
				CODE_SIGN_IDENTITY = "iPhone Developer";
				COPY_PHASE_STRIP = NO;
				DEBUG_INFORMATION_FORMAT = "dwarf-with-dsym";
				ENABLE_NS_ASSERTIONS = NO;
				ENABLE_STRICT_OBJC_MSGSEND = YES;
				GCC_C_LANGUAGE_STANDARD = gnu11;
				GCC_NO_COMMON_BLOCKS = YES;
				GCC_WARN_64_TO_32_BIT_CONVERSION = YES;
				GCC_WARN_ABOUT_RETURN_TYPE = YES_ERROR;
				GCC_WARN_UNDECLARED_SELECTOR = YES;
				GCC_WARN_UNINITIALIZED_AUTOS = YES_AGGRESSIVE;
				GCC_WARN_UNUSED_FUNCTION = YES;
				GCC_WARN_UNUSED_VARIABLE = YES;
				IPHONEOS_DEPLOYMENT_TARGET = 11.0;
				MTL_ENABLE_DEBUG_INFO = NO;
				SDKROOT = iphoneos;
				VALIDATE_PRODUCT = YES;
			};
			name = Release;
		};
		F40E33701FED4FC500AD4DD6 /* Debug */ = {
			isa = XCBuildConfiguration;
			buildSettings = {
				ASSETCATALOG_COMPILER_APPICON_NAME = AppIcon;
				CODE_SIGN_STYLE = Automatic;
				DEVELOPMENT_TEAM = 76BMF3T3AW;
				INFOPLIST_FILE = deomo/Info.plist;
				IPHONEOS_DEPLOYMENT_TARGET = 10;
				LD_RUNPATH_SEARCH_PATHS = "$(inherited) @executable_path/Frameworks";
				PRODUCT_BUNDLE_IDENTIFIER = zd.deomo;
				PRODUCT_NAME = "$(TARGET_NAME)";
				TARGETED_DEVICE_FAMILY = "1,2";
			};
			name = Debug;
		};
		F40E33711FED4FC500AD4DD6 /* Release */ = {
			isa = XCBuildConfiguration;
			buildSettings = {
				ASSETCATALOG_COMPILER_APPICON_NAME = AppIcon;
				CODE_SIGN_STYLE = Automatic;
				DEVELOPMENT_TEAM = 76BMF3T3AW;
				INFOPLIST_FILE = deomo/Info.plist;
				IPHONEOS_DEPLOYMENT_TARGET = 10;
				LD_RUNPATH_SEARCH_PATHS = "$(inherited) @executable_path/Frameworks";
				PRODUCT_BUNDLE_IDENTIFIER = zd.deomo;
				PRODUCT_NAME = "$(TARGET_NAME)";
				TARGETED_DEVICE_FAMILY = "1,2";
			};
			name = Release;
		};
		F40E33731FED4FC500AD4DD6 /* Debug */ = {
			isa = XCBuildConfiguration;
			buildSettings = {
				BUNDLE_LOADER = "$(TEST_HOST)";
				CODE_SIGN_STYLE = Automatic;
				INFOPLIST_FILE = deomoTests/Info.plist;
				LD_RUNPATH_SEARCH_PATHS = "$(inherited) @executable_path/Frameworks @loader_path/Frameworks";
				PRODUCT_BUNDLE_IDENTIFIER = zd.deomoTests;
				PRODUCT_NAME = "$(TARGET_NAME)";
				TARGETED_DEVICE_FAMILY = "1,2";
				TEST_HOST = "$(BUILT_PRODUCTS_DIR)/deomo.app/deomo";
			};
			name = Debug;
		};
		F40E33741FED4FC500AD4DD6 /* Release */ = {
			isa = XCBuildConfiguration;
			buildSettings = {
				BUNDLE_LOADER = "$(TEST_HOST)";
				CODE_SIGN_STYLE = Automatic;
				INFOPLIST_FILE = deomoTests/Info.plist;
				LD_RUNPATH_SEARCH_PATHS = "$(inherited) @executable_path/Frameworks @loader_path/Frameworks";
				PRODUCT_BUNDLE_IDENTIFIER = zd.deomoTests;
				PRODUCT_NAME = "$(TARGET_NAME)";
				TARGETED_DEVICE_FAMILY = "1,2";
				TEST_HOST = "$(BUILT_PRODUCTS_DIR)/deomo.app/deomo";
			};
			name = Release;
		};
		F40E33761FED4FC500AD4DD6 /* Debug */ = {
			isa = XCBuildConfiguration;
			buildSettings = {
				CODE_SIGN_STYLE = Automatic;
				INFOPLIST_FILE = deomoUITests/Info.plist;
				LD_RUNPATH_SEARCH_PATHS = "$(inherited) @executable_path/Frameworks @loader_path/Frameworks";
				PRODUCT_BUNDLE_IDENTIFIER = zd.deomoUITests;
				PRODUCT_NAME = "$(TARGET_NAME)";
				TARGETED_DEVICE_FAMILY = "1,2";
				TEST_TARGET_NAME = deomo;
			};
			name = Debug;
		};
		F40E33771FED4FC500AD4DD6 /* Release */ = {
			isa = XCBuildConfiguration;
			buildSettings = {
				CODE_SIGN_STYLE = Automatic;
				INFOPLIST_FILE = deomoUITests/Info.plist;
				LD_RUNPATH_SEARCH_PATHS = "$(inherited) @executable_path/Frameworks @loader_path/Frameworks";
				PRODUCT_BUNDLE_IDENTIFIER = zd.deomoUITests;
				PRODUCT_NAME = "$(TARGET_NAME)";
				TARGETED_DEVICE_FAMILY = "1,2";
				TEST_TARGET_NAME = deomo;
			};
			name = Release;
		};
/* End XCBuildConfiguration section */

/* Begin XCConfigurationList section */
		F40E333B1FED4FC500AD4DD6 /* Build configuration list for PBXProject "deomo" */ = {
			isa = XCConfigurationList;
			buildConfigurations = (
				F40E336D1FED4FC500AD4DD6 /* Debug */,
				F40E336E1FED4FC500AD4DD6 /* Release */,
			);
			defaultConfigurationIsVisible = 0;
			defaultConfigurationName = Release;
		};
		F40E336F1FED4FC500AD4DD6 /* Build configuration list for PBXNativeTarget "deomo" */ = {
			isa = XCConfigurationList;
			buildConfigurations = (
				F40E33701FED4FC500AD4DD6 /* Debug */,
				F40E33711FED4FC500AD4DD6 /* Release */,
			);
			defaultConfigurationIsVisible = 0;
			defaultConfigurationName = Release;
		};
		F40E33721FED4FC500AD4DD6 /* Build configuration list for PBXNativeTarget "deomoTests" */ = {
			isa = XCConfigurationList;
			buildConfigurations = (
				F40E33731FED4FC500AD4DD6 /* Debug */,
				F40E33741FED4FC500AD4DD6 /* Release */,
			);
			defaultConfigurationIsVisible = 0;
			defaultConfigurationName = Release;
		};
		F40E33751FED4FC500AD4DD6 /* Build configuration list for PBXNativeTarget "deomoUITests" */ = {
			isa = XCConfigurationList;
			buildConfigurations = (
				F40E33761FED4FC500AD4DD6 /* Debug */,
				F40E33771FED4FC500AD4DD6 /* Release */,
			);
			defaultConfigurationIsVisible = 0;
			defaultConfigurationName = Release;
		};
/* End XCConfigurationList section */

/* Begin XCVersionGroup section */
		F40E334C1FED4FC500AD4DD6 /* deomo.xcdatamodeld */ = {
			isa = XCVersionGroup;
			children = (
				F40E334D1FED4FC500AD4DD6 /* deomo.xcdatamodel */,
			);
			currentVersion = F40E334D1FED4FC500AD4DD6 /* deomo.xcdatamodel */;
			path = deomo.xcdatamodeld;
			sourceTree = "<group>";
			versionGroupType = wrapper.xcdatamodel;
		};
/* End XCVersionGroup section */
	};
	rootObject = F40E33381FED4FC500AD4DD6 /* Project object */;
}
